// !$*UTF8*$!
{
	archiveVersion = 1;
	classes = {
	};
	objectVersion = 48;
	objects = {

/* Begin PBXBuildFile section */
		E2A629BC1FC38FC500F01074 /* AppDelegate.swift in Sources */ = {isa = PBXBuildFile; fileRef = E2A629BB1FC38FC500F01074 /* AppDelegate.swift */; };
		E2A629BE1FC38FC500F01074 /* ViewController.swift in Sources */ = {isa = PBXBuildFile; fileRef = E2A629BD1FC38FC500F01074 /* ViewController.swift */; };
		E2A629C11FC38FC500F01074 /* Main.storyboard in Resources */ = {isa = PBXBuildFile; fileRef = E2A629BF1FC38FC500F01074 /* Main.storyboard */; };
		E2A629C31FC38FC500F01074 /* Assets.xcassets in Resources */ = {isa = PBXBuildFile; fileRef = E2A629C21FC38FC500F01074 /* Assets.xcassets */; };
		E2A629C61FC38FC500F01074 /* LaunchScreen.storyboard in Resources */ = {isa = PBXBuildFile; fileRef = E2A629C41FC38FC500F01074 /* LaunchScreen.storyboard */; };
		E2A629D11FC38FC500F01074 /* ChallangeSWIFTTests.swift in Sources */ = {isa = PBXBuildFile; fileRef = E2A629D01FC38FC500F01074 /* ChallangeSWIFTTests.swift */; };
		E2A629DC1FC38FC500F01074 /* ChallangeSWIFTUITests.swift in Sources */ = {isa = PBXBuildFile; fileRef = E2A629DB1FC38FC500F01074 /* ChallangeSWIFTUITests.swift */; };
/* End PBXBuildFile section */

/* Begin PBXContainerItemProxy section */
		E2A629CD1FC38FC500F01074 /* PBXContainerItemProxy */ = {
			isa = PBXContainerItemProxy;
			containerPortal = E2A629B01FC38FC500F01074 /* Project object */;
			proxyType = 1;
			remoteGlobalIDString = E2A629B71FC38FC500F01074;
			remoteInfo = ChallangeSWIFT;
		};
		E2A629D81FC38FC500F01074 /* PBXContainerItemProxy */ = {
			isa = PBXContainerItemProxy;
			containerPortal = E2A629B01FC38FC500F01074 /* Project object */;
			proxyType = 1;
			remoteGlobalIDString = E2A629B71FC38FC500F01074;
			remoteInfo = ChallangeSWIFT;
		};
/* End PBXContainerItemProxy section */

/* Begin PBXFileReference section */
		E2A629B81FC38FC500F01074 /* ChallangeSWIFT.app */ = {isa = PBXFileReference; explicitFileType = wrapper.application; includeInIndex = 0; path = ChallangeSWIFT.app; sourceTree = BUILT_PRODUCTS_DIR; };
		E2A629BB1FC38FC500F01074 /* AppDelegate.swift */ = {isa = PBXFileReference; lastKnownFileType = sourcecode.swift; path = AppDelegate.swift; sourceTree = "<group>"; };
		E2A629BD1FC38FC500F01074 /* ViewController.swift */ = {isa = PBXFileReference; lastKnownFileType = sourcecode.swift; path = ViewController.swift; sourceTree = "<group>"; };
		E2A629C01FC38FC500F01074 /* Base */ = {isa = PBXFileReference; lastKnownFileType = file.storyboard; name = Base; path = Base.lproj/Main.storyboard; sourceTree = "<group>"; };
		E2A629C21FC38FC500F01074 /* Assets.xcassets */ = {isa = PBXFileReference; lastKnownFileType = folder.assetcatalog; path = Assets.xcassets; sourceTree = "<group>"; };
		E2A629C51FC38FC500F01074 /* Base */ = {isa = PBXFileReference; lastKnownFileType = file.storyboard; name = Base; path = Base.lproj/LaunchScreen.storyboard; sourceTree = "<group>"; };
		E2A629C71FC38FC500F01074 /* Info.plist */ = {isa = PBXFileReference; lastKnownFileType = text.plist.xml; path = Info.plist; sourceTree = "<group>"; };
		E2A629CC1FC38FC500F01074 /* ChallangeSWIFTTests.xctest */ = {isa = PBXFileReference; explicitFileType = wrapper.cfbundle; includeInIndex = 0; path = ChallangeSWIFTTests.xctest; sourceTree = BUILT_PRODUCTS_DIR; };
		E2A629D01FC38FC500F01074 /* ChallangeSWIFTTests.swift */ = {isa = PBXFileReference; lastKnownFileType = sourcecode.swift; path = ChallangeSWIFTTests.swift; sourceTree = "<group>"; };
		E2A629D21FC38FC500F01074 /* Info.plist */ = {isa = PBXFileReference; lastKnownFileType = text.plist.xml; path = Info.plist; sourceTree = "<group>"; };
		E2A629D71FC38FC500F01074 /* ChallangeSWIFTUITests.xctest */ = {isa = PBXFileReference; explicitFileType = wrapper.cfbundle; includeInIndex = 0; path = ChallangeSWIFTUITests.xctest; sourceTree = BUILT_PRODUCTS_DIR; };
		E2A629DB1FC38FC500F01074 /* ChallangeSWIFTUITests.swift */ = {isa = PBXFileReference; lastKnownFileType = sourcecode.swift; path = ChallangeSWIFTUITests.swift; sourceTree = "<group>"; };
		E2A629DD1FC38FC500F01074 /* Info.plist */ = {isa = PBXFileReference; lastKnownFileType = text.plist.xml; path = Info.plist; sourceTree = "<group>"; };
/* End PBXFileReference section */

/* Begin PBXFrameworksBuildPhase section */
		E2A629B51FC38FC500F01074 /* Frameworks */ = {
			isa = PBXFrameworksBuildPhase;
			buildActionMask = 2147483647;
			files = (
			);
			runOnlyForDeploymentPostprocessing = 0;
		};
		E2A629C91FC38FC500F01074 /* Frameworks */ = {
			isa = PBXFrameworksBuildPhase;
			buildActionMask = 2147483647;
			files = (
			);
			runOnlyForDeploymentPostprocessing = 0;
		};
		E2A629D41FC38FC500F01074 /* Frameworks */ = {
			isa = PBXFrameworksBuildPhase;
			buildActionMask = 2147483647;
			files = (
			);
			runOnlyForDeploymentPostprocessing = 0;
		};
/* End PBXFrameworksBuildPhase section */

/* Begin PBXGroup section */
		E2A629AF1FC38FC500F01074 = {
			isa = PBXGroup;
			children = (
				E2A629BA1FC38FC500F01074 /* ChallangeSWIFT */,
				E2A629CF1FC38FC500F01074 /* ChallangeSWIFTTests */,
				E2A629DA1FC38FC500F01074 /* ChallangeSWIFTUITests */,
				E2A629B91FC38FC500F01074 /* Products */,
			);
			sourceTree = "<group>";
		};
		E2A629B91FC38FC500F01074 /* Products */ = {
			isa = PBXGroup;
			children = (
				E2A629B81FC38FC500F01074 /* ChallangeSWIFT.app */,
				E2A629CC1FC38FC500F01074 /* ChallangeSWIFTTests.xctest */,
				E2A629D71FC38FC500F01074 /* ChallangeSWIFTUITests.xctest */,
			);
			name = Products;
			sourceTree = "<group>";
		};
		E2A629BA1FC38FC500F01074 /* ChallangeSWIFT */ = {
			isa = PBXGroup;
			children = (
				E2A629BB1FC38FC500F01074 /* AppDelegate.swift */,
				E2A629BD1FC38FC500F01074 /* ViewController.swift */,
				E2A629BF1FC38FC500F01074 /* Main.storyboard */,
				E2A629C21FC38FC500F01074 /* Assets.xcassets */,
				E2A629C41FC38FC500F01074 /* LaunchScreen.storyboard */,
				E2A629C71FC38FC500F01074 /* Info.plist */,
			);
			path = ChallangeSWIFT;
			sourceTree = "<group>";
		};
		E2A629CF1FC38FC500F01074 /* ChallangeSWIFTTests */ = {
			isa = PBXGroup;
			children = (
				E2A629D01FC38FC500F01074 /* ChallangeSWIFTTests.swift */,
				E2A629D21FC38FC500F01074 /* Info.plist */,
			);
			path = ChallangeSWIFTTests;
			sourceTree = "<group>";
		};
		E2A629DA1FC38FC500F01074 /* ChallangeSWIFTUITests */ = {
			isa = PBXGroup;
			children = (
				E2A629DB1FC38FC500F01074 /* ChallangeSWIFTUITests.swift */,
				E2A629DD1FC38FC500F01074 /* Info.plist */,
			);
			path = ChallangeSWIFTUITests;
			sourceTree = "<group>";
		};
/* End PBXGroup section */

/* Begin PBXNativeTarget section */
		E2A629B71FC38FC500F01074 /* ChallangeSWIFT */ = {
			isa = PBXNativeTarget;
			buildConfigurationList = E2A629E01FC38FC500F01074 /* Build configuration list for PBXNativeTarget "ChallangeSWIFT" */;
			buildPhases = (
				E2A629B41FC38FC500F01074 /* Sources */,
				E2A629B51FC38FC500F01074 /* Frameworks */,
				E2A629B61FC38FC500F01074 /* Resources */,
			);
			buildRules = (
			);
			dependencies = (
			);
			name = ChallangeSWIFT;
			productName = ChallangeSWIFT;
			productReference = E2A629B81FC38FC500F01074 /* ChallangeSWIFT.app */;
			productType = "com.apple.product-type.application";
		};
		E2A629CB1FC38FC500F01074 /* ChallangeSWIFTTests */ = {
			isa = PBXNativeTarget;
			buildConfigurationList = E2A629E31FC38FC500F01074 /* Build configuration list for PBXNativeTarget "ChallangeSWIFTTests" */;
			buildPhases = (
				E2A629C81FC38FC500F01074 /* Sources */,
				E2A629C91FC38FC500F01074 /* Frameworks */,
				E2A629CA1FC38FC500F01074 /* Resources */,
			);
			buildRules = (
			);
			dependencies = (
				E2A629CE1FC38FC500F01074 /* PBXTargetDependency */,
			);
			name = ChallangeSWIFTTests;
			productName = ChallangeSWIFTTests;
			productReference = E2A629CC1FC38FC500F01074 /* ChallangeSWIFTTests.xctest */;
			productType = "com.apple.product-type.bundle.unit-test";
		};
		E2A629D61FC38FC500F01074 /* ChallangeSWIFTUITests */ = {
			isa = PBXNativeTarget;
			buildConfigurationList = E2A629E61FC38FC500F01074 /* Build configuration list for PBXNativeTarget "ChallangeSWIFTUITests" */;
			buildPhases = (
				E2A629D31FC38FC500F01074 /* Sources */,
				E2A629D41FC38FC500F01074 /* Frameworks */,
				E2A629D51FC38FC500F01074 /* Resources */,
			);
			buildRules = (
			);
			dependencies = (
				E2A629D91FC38FC500F01074 /* PBXTargetDependency */,
			);
			name = ChallangeSWIFTUITests;
			productName = ChallangeSWIFTUITests;
			productReference = E2A629D71FC38FC500F01074 /* ChallangeSWIFTUITests.xctest */;
			productType = "com.apple.product-type.bundle.ui-testing";
		};
/* End PBXNativeTarget section */

/* Begin PBXProject section */
		E2A629B01FC38FC500F01074 /* Project object */ = {
			isa = PBXProject;
			attributes = {
				LastSwiftUpdateCheck = 0910;
				LastUpgradeCheck = 0910;
				ORGANIZATIONNAME = "Marek Chojecki";
				TargetAttributes = {
					E2A629B71FC38FC500F01074 = {
						CreatedOnToolsVersion = 9.1;
						ProvisioningStyle = Automatic;
					};
					E2A629CB1FC38FC500F01074 = {
						CreatedOnToolsVersion = 9.1;
						ProvisioningStyle = Automatic;
						TestTargetID = E2A629B71FC38FC500F01074;
					};
					E2A629D61FC38FC500F01074 = {
						CreatedOnToolsVersion = 9.1;
						ProvisioningStyle = Automatic;
						TestTargetID = E2A629B71FC38FC500F01074;
					};
				};
			};
			buildConfigurationList = E2A629B31FC38FC500F01074 /* Build configuration list for PBXProject "ChallangeSWIFT" */;
			compatibilityVersion = "Xcode 8.0";
			developmentRegion = en;
			hasScannedForEncodings = 0;
			knownRegions = (
				en,
				Base,
			);
			mainGroup = E2A629AF1FC38FC500F01074;
			productRefGroup = E2A629B91FC38FC500F01074 /* Products */;
			projectDirPath = "";
			projectRoot = "";
			targets = (
				E2A629B71FC38FC500F01074 /* ChallangeSWIFT */,
				E2A629CB1FC38FC500F01074 /* ChallangeSWIFTTests */,
				E2A629D61FC38FC500F01074 /* ChallangeSWIFTUITests */,
			);
		};
/* End PBXProject section */

/* Begin PBXResourcesBuildPhase section */
		E2A629B61FC38FC500F01074 /* Resources */ = {
			isa = PBXResourcesBuildPhase;
			buildActionMask = 2147483647;
			files = (
				E2A629C61FC38FC500F01074 /* LaunchScreen.storyboard in Resources */,
				E2A629C31FC38FC500F01074 /* Assets.xcassets in Resources */,
				E2A629C11FC38FC500F01074 /* Main.storyboard in Resources */,
			);
			runOnlyForDeploymentPostprocessing = 0;
		};
		E2A629CA1FC38FC500F01074 /* Resources */ = {
			isa = PBXResourcesBuildPhase;
			buildActionMask = 2147483647;
			files = (
			);
			runOnlyForDeploymentPostprocessing = 0;
		};
		E2A629D51FC38FC500F01074 /* Resources */ = {
			isa = PBXResourcesBuildPhase;
			buildActionMask = 2147483647;
			files = (
			);
			runOnlyForDeploymentPostprocessing = 0;
		};
/* End PBXResourcesBuildPhase section */

/* Begin PBXSourcesBuildPhase section */
		E2A629B41FC38FC500F01074 /* Sources */ = {
			isa = PBXSourcesBuildPhase;
			buildActionMask = 2147483647;
			files = (
				E2A629BE1FC38FC500F01074 /* ViewController.swift in Sources */,
				E2A629BC1FC38FC500F01074 /* AppDelegate.swift in Sources */,
			);
			runOnlyForDeploymentPostprocessing = 0;
		};
		E2A629C81FC38FC500F01074 /* Sources */ = {
			isa = PBXSourcesBuildPhase;
			buildActionMask = 2147483647;
			files = (
				E2A629D11FC38FC500F01074 /* ChallangeSWIFTTests.swift in Sources */,
			);
			runOnlyForDeploymentPostprocessing = 0;
		};
		E2A629D31FC38FC500F01074 /* Sources */ = {
			isa = PBXSourcesBuildPhase;
			buildActionMask = 2147483647;
			files = (
				E2A629DC1FC38FC500F01074 /* ChallangeSWIFTUITests.swift in Sources */,
			);
			runOnlyForDeploymentPostprocessing = 0;
		};
/* End PBXSourcesBuildPhase section */

/* Begin PBXTargetDependency section */
		E2A629CE1FC38FC500F01074 /* PBXTargetDependency */ = {
			isa = PBXTargetDependency;
			target = E2A629B71FC38FC500F01074 /* ChallangeSWIFT */;
			targetProxy = E2A629CD1FC38FC500F01074 /* PBXContainerItemProxy */;
		};
		E2A629D91FC38FC500F01074 /* PBXTargetDependency */ = {
			isa = PBXTargetDependency;
			target = E2A629B71FC38FC500F01074 /* ChallangeSWIFT */;
			targetProxy = E2A629D81FC38FC500F01074 /* PBXContainerItemProxy */;
		};
/* End PBXTargetDependency section */

/* Begin PBXVariantGroup section */
		E2A629BF1FC38FC500F01074 /* Main.storyboard */ = {
			isa = PBXVariantGroup;
			children = (
				E2A629C01FC38FC500F01074 /* Base */,
			);
			name = Main.storyboard;
			sourceTree = "<group>";
		};
		E2A629C41FC38FC500F01074 /* LaunchScreen.storyboard */ = {
			isa = PBXVariantGroup;
			children = (
				E2A629C51FC38FC500F01074 /* Base */,
			);
			name = LaunchScreen.storyboard;
			sourceTree = "<group>";
		};
/* End PBXVariantGroup section */

/* Begin XCBuildConfiguration section */
		E2A629DE1FC38FC500F01074 /* Debug */ = {
			isa = XCBuildConfiguration;
			buildSettings = {
				ALWAYS_SEARCH_USER_PATHS = NO;
				CLANG_ANALYZER_NONNULL = YES;
				CLANG_ANALYZER_NUMBER_OBJECT_CONVERSION = YES_AGGRESSIVE;
				CLANG_CXX_LANGUAGE_STANDARD = "gnu++14";
				CLANG_CXX_LIBRARY = "libc++";
				CLANG_ENABLE_MODULES = YES;
				CLANG_ENABLE_OBJC_ARC = YES;
				CLANG_WARN_BLOCK_CAPTURE_AUTORELEASING = YES;
				CLANG_WARN_BOOL_CONVERSION = YES;
				CLANG_WARN_COMMA = YES;
				CLANG_WARN_CONSTANT_CONVERSION = YES;
				CLANG_WARN_DIRECT_OBJC_ISA_USAGE = YES_ERROR;
				CLANG_WARN_DOCUMENTATION_COMMENTS = YES;
				CLANG_WARN_EMPTY_BODY = YES;
				CLANG_WARN_ENUM_CONVERSION = YES;
				CLANG_WARN_INFINITE_RECURSION = YES;
				CLANG_WARN_INT_CONVERSION = YES;
				CLANG_WARN_NON_LITERAL_NULL_CONVERSION = YES;
				CLANG_WARN_OBJC_LITERAL_CONVERSION = YES;
				CLANG_WARN_OBJC_ROOT_CLASS = YES_ERROR;
				CLANG_WARN_RANGE_LOOP_ANALYSIS = YES;
				CLANG_WARN_STRICT_PROTOTYPES = YES;
				CLANG_WARN_SUSPICIOUS_MOVE = YES;
				CLANG_WARN_UNGUARDED_AVAILABILITY = YES_AGGRESSIVE;
				CLANG_WARN_UNREACHABLE_CODE = YES;
				CLANG_WARN__DUPLICATE_METHOD_MATCH = YES;
				CODE_SIGN_IDENTITY = "iPhone Developer";
				COPY_PHASE_STRIP = NO;
				DEBUG_INFORMATION_FORMAT = dwarf;
				ENABLE_STRICT_OBJC_MSGSEND = YES;
				ENABLE_TESTABILITY = YES;
				GCC_C_LANGUAGE_STANDARD = gnu11;
				GCC_DYNAMIC_NO_PIC = NO;
				GCC_NO_COMMON_BLOCKS = YES;
				GCC_OPTIMIZATION_LEVEL = 0;
				GCC_PREPROCESSOR_DEFINITIONS = (
					"DEBUG=1",
					"$(inherited)",
				);
				GCC_WARN_64_TO_32_BIT_CONVERSION = YES;
				GCC_WARN_ABOUT_RETURN_TYPE = YES_ERROR;
				GCC_WARN_UNDECLARED_SELECTOR = YES;
				GCC_WARN_UNINITIALIZED_AUTOS = YES_AGGRESSIVE;
				GCC_WARN_UNUSED_FUNCTION = YES;
				GCC_WARN_UNUSED_VARIABLE = YES;
				IPHONEOS_DEPLOYMENT_TARGET = 11.1;
				MTL_ENABLE_DEBUG_INFO = YES;
				ONLY_ACTIVE_ARCH = YES;
				SDKROOT = iphoneos;
				SWIFT_ACTIVE_COMPILATION_CONDITIONS = DEBUG;
				SWIFT_OPTIMIZATION_LEVEL = "-Onone";
			};
			name = Debug;
		};
		E2A629DF1FC38FC500F01074 /* Release */ = {
			isa = XCBuildConfiguration;
			buildSettings = {
				ALWAYS_SEARCH_USER_PATHS = NO;
				CLANG_ANALYZER_NONNULL = YES;
				CLANG_ANALYZER_NUMBER_OBJECT_CONVERSION = YES_AGGRESSIVE;
				CLANG_CXX_LANGUAGE_STANDARD = "gnu++14";
				CLANG_CXX_LIBRARY = "libc++";
				CLANG_ENABLE_MODULES = YES;
				CLANG_ENABLE_OBJC_ARC = YES;
				CLANG_WARN_BLOCK_CAPTURE_AUTORELEASING = YES;
				CLANG_WARN_BOOL_CONVERSION = YES;
				CLANG_WARN_COMMA = YES;
				CLANG_WARN_CONSTANT_CONVERSION = YES;
				CLANG_WARN_DIRECT_OBJC_ISA_USAGE = YES_ERROR;
				CLANG_WARN_DOCUMENTATION_COMMENTS = YES;
				CLANG_WARN_EMPTY_BODY = YES;
				CLANG_WARN_ENUM_CONVERSION = YES;
				CLANG_WARN_INFINITE_RECURSION = YES;
				CLANG_WARN_INT_CONVERSION = YES;
				CLANG_WARN_NON_LITERAL_NULL_CONVERSION = YES;
				CLANG_WARN_OBJC_LITERAL_CONVERSION = YES;
				CLANG_WARN_OBJC_ROOT_CLASS = YES_ERROR;
				CLANG_WARN_RANGE_LOOP_ANALYSIS = YES;
				CLANG_WARN_STRICT_PROTOTYPES = YES;
				CLANG_WARN_SUSPICIOUS_MOVE = YES;
				CLANG_WARN_UNGUARDED_AVAILABILITY = YES_AGGRESSIVE;
				CLANG_WARN_UNREACHABLE_CODE = YES;
				CLANG_WARN__DUPLICATE_METHOD_MATCH = YES;
				CODE_SIGN_IDENTITY = "iPhone Developer";
				COPY_PHASE_STRIP = NO;
				DEBUG_INFORMATION_FORMAT = "dwarf-with-dsym";
				ENABLE_NS_ASSERTIONS = NO;
				ENABLE_STRICT_OBJC_MSGSEND = YES;
				GCC_C_LANGUAGE_STANDARD = gnu11;
				GCC_NO_COMMON_BLOCKS = YES;
				GCC_WARN_64_TO_32_BIT_CONVERSION = YES;
				GCC_WARN_ABOUT_RETURN_TYPE = YES_ERROR;
				GCC_WARN_UNDECLARED_SELECTOR = YES;
				GCC_WARN_UNINITIALIZED_AUTOS = YES_AGGRESSIVE;
				GCC_WARN_UNUSED_FUNCTION = YES;
				GCC_WARN_UNUSED_VARIABLE = YES;
				IPHONEOS_DEPLOYMENT_TARGET = 11.1;
				MTL_ENABLE_DEBUG_INFO = NO;
				SDKROOT = iphoneos;
				SWIFT_OPTIMIZATION_LEVEL = "-Owholemodule";
				VALIDATE_PRODUCT = YES;
			};
			name = Release;
		};
		E2A629E11FC38FC500F01074 /* Debug */ = {
			isa = XCBuildConfiguration;
			buildSettings = {
				ASSETCATALOG_COMPILER_APPICON_NAME = AppIcon;
				CODE_SIGN_STYLE = Automatic;
				DEVELOPMENT_TEAM = 746RJUPZWV;
				INFOPLIST_FILE = ChallangeSWIFT/Info.plist;
				LD_RUNPATH_SEARCH_PATHS = "$(inherited) @executable_path/Frameworks";
				PRODUCT_BUNDLE_IDENTIFIER = pl.pianodogstudio.ChallangeSWIFT;
				PRODUCT_NAME = "$(TARGET_NAME)";
				SWIFT_VERSION = 4.0;
				TARGETED_DEVICE_FAMILY = "1,2";
			};
			name = Debug;
		};
		E2A629E21FC38FC500F01074 /* Release */ = {
			isa = XCBuildConfiguration;
			buildSettings = {
				ASSETCATALOG_COMPILER_APPICON_NAME = AppIcon;
				CODE_SIGN_STYLE = Automatic;
				DEVELOPMENT_TEAM = 746RJUPZWV;
				INFOPLIST_FILE = ChallangeSWIFT/Info.plist;
				LD_RUNPATH_SEARCH_PATHS = "$(inherited) @executable_path/Frameworks";
				PRODUCT_BUNDLE_IDENTIFIER = pl.pianodogstudio.ChallangeSWIFT;
				PRODUCT_NAME = "$(TARGET_NAME)";
				SWIFT_VERSION = 4.0;
				TARGETED_DEVICE_FAMILY = "1,2";
			};
			name = Release;
		};
		E2A629E41FC38FC500F01074 /* Debug */ = {
			isa = XCBuildConfiguration;
			buildSettings = {
				ALWAYS_EMBED_SWIFT_STANDARD_LIBRARIES = YES;
				BUNDLE_LOADER = "$(TEST_HOST)";
				CODE_SIGN_STYLE = Automatic;
				DEVELOPMENT_TEAM = 746RJUPZWV;
				INFOPLIST_FILE = ChallangeSWIFTTests/Info.plist;
				LD_RUNPATH_SEARCH_PATHS = "$(inherited) @executable_path/Frameworks @loader_path/Frameworks";
				PRODUCT_BUNDLE_IDENTIFIER = pl.pianodogstudio.ChallangeSWIFTTests;
				PRODUCT_NAME = "$(TARGET_NAME)";
				SWIFT_VERSION = 4.0;
				TARGETED_DEVICE_FAMILY = "1,2";
				TEST_HOST = "$(BUILT_PRODUCTS_DIR)/ChallangeSWIFT.app/ChallangeSWIFT";
			};
			name = Debug;
		};
		E2A629E51FC38FC500F01074 /* Release */ = {
			isa = XCBuildConfiguration;
			buildSettings = {
				ALWAYS_EMBED_SWIFT_STANDARD_LIBRARIES = YES;
				BUNDLE_LOADER = "$(TEST_HOST)";
				CODE_SIGN_STYLE = Automatic;
				DEVELOPMENT_TEAM = 746RJUPZWV;
				INFOPLIST_FILE = ChallangeSWIFTTests/Info.plist;
				LD_RUNPATH_SEARCH_PATHS = "$(inherited) @executable_path/Frameworks @loader_path/Frameworks";
				PRODUCT_BUNDLE_IDENTIFIER = pl.pianodogstudio.ChallangeSWIFTTests;
				PRODUCT_NAME = "$(TARGET_NAME)";
				SWIFT_VERSION = 4.0;
				TARGETED_DEVICE_FAMILY = "1,2";
				TEST_HOST = "$(BUILT_PRODUCTS_DIR)/ChallangeSWIFT.app/ChallangeSWIFT";
			};
			name = Release;
		};
		E2A629E71FC38FC500F01074 /* Debug */ = {
			isa = XCBuildConfiguration;
			buildSettings = {
				ALWAYS_EMBED_SWIFT_STANDARD_LIBRARIES = YES;
				CODE_SIGN_STYLE = Automatic;
				DEVELOPMENT_TEAM = 746RJUPZWV;
				INFOPLIST_FILE = ChallangeSWIFTUITests/Info.plist;
				LD_RUNPATH_SEARCH_PATHS = "$(inherited) @executable_path/Frameworks @loader_path/Frameworks";
				PRODUCT_BUNDLE_IDENTIFIER = pl.pianodogstudio.ChallangeSWIFTUITests;
				PRODUCT_NAME = "$(TARGET_NAME)";
				SWIFT_VERSION = 4.0;
				TARGETED_DEVICE_FAMILY = "1,2";
				TEST_TARGET_NAME = ChallangeSWIFT;
			};
			name = Debug;
		};
		E2A629E81FC38FC500F01074 /* Release */ = {
			isa = XCBuildConfiguration;
			buildSettings = {
				ALWAYS_EMBED_SWIFT_STANDARD_LIBRARIES = YES;
				CODE_SIGN_STYLE = Automatic;
				DEVELOPMENT_TEAM = 746RJUPZWV;
				INFOPLIST_FILE = ChallangeSWIFTUITests/Info.plist;
				LD_RUNPATH_SEARCH_PATHS = "$(inherited) @executable_path/Frameworks @loader_path/Frameworks";
				PRODUCT_BUNDLE_IDENTIFIER = pl.pianodogstudio.ChallangeSWIFTUITests;
				PRODUCT_NAME = "$(TARGET_NAME)";
				SWIFT_VERSION = 4.0;
				TARGETED_DEVICE_FAMILY = "1,2";
				TEST_TARGET_NAME = ChallangeSWIFT;
			};
			name = Release;
		};
/* End XCBuildConfiguration section */

/* Begin XCConfigurationList section */
		E2A629B31FC38FC500F01074 /* Build configuration list for PBXProject "ChallangeSWIFT" */ = {
			isa = XCConfigurationList;
			buildConfigurations = (
				E2A629DE1FC38FC500F01074 /* Debug */,
				E2A629DF1FC38FC500F01074 /* Release */,
			);
			defaultConfigurationIsVisible = 0;
			defaultConfigurationName = Release;
		};
		E2A629E01FC38FC500F01074 /* Build configuration list for PBXNativeTarget "ChallangeSWIFT" */ = {
			isa = XCConfigurationList;
			buildConfigurations = (
				E2A629E11FC38FC500F01074 /* Debug */,
				E2A629E21FC38FC500F01074 /* Release */,
			);
			defaultConfigurationIsVisible = 0;
			defaultConfigurationName = Release;
		};
		E2A629E31FC38FC500F01074 /* Build configuration list for PBXNativeTarget "ChallangeSWIFTTests" */ = {
			isa = XCConfigurationList;
			buildConfigurations = (
				E2A629E41FC38FC500F01074 /* Debug */,
				E2A629E51FC38FC500F01074 /* Release */,
			);
			defaultConfigurationIsVisible = 0;
			defaultConfigurationName = Release;
		};
		E2A629E61FC38FC500F01074 /* Build configuration list for PBXNativeTarget "ChallangeSWIFTUITests" */ = {
			isa = XCConfigurationList;
			buildConfigurations = (
				E2A629E71FC38FC500F01074 /* Debug */,
				E2A629E81FC38FC500F01074 /* Release */,
			);
			defaultConfigurationIsVisible = 0;
			defaultConfigurationName = Release;
		};
/* End XCConfigurationList section */
	};
	rootObject = E2A629B01FC38FC500F01074 /* Project object */;
}
